Microsoft Visual Studio Solution File, Format Version 12.00
# Visual Studio 2012
Project("{FAE04EC0-301F-11D3-BF4B-00C04F79EFBC}") = "Tower Defense Roguelike", "Tower Defense Roguelike.csproj", "{E49819D7-FEA7-4817-8849-1652B5D67771}"
EndProject
Global
	GlobalSection(SolutionConfigurationPlatforms) = preSolution
	Debug|Any CPU = Debug|Any CPU
	ExportDebug|Any CPU = ExportDebug|Any CPU
	ExportRelease|Any CPU = ExportRelease|Any CPU
	EndGlobalSection
	GlobalSection(ProjectConfigurationPlatforms) = postSolution
		{E49819D7-FEA7-4817-8849-1652B5D67771}.Debug|Any CPU.ActiveCfg = Debug|Any CPU
		{E49819D7-FEA7-4817-8849-1652B5D67771}.Debug|Any CPU.Build.0 = Debug|Any CPU
		{E49819D7-FEA7-4817-8849-1652B5D67771}.ExportDebug|Any CPU.ActiveCfg = ExportDebug|Any CPU
		{E49819D7-FEA7-4817-8849-1652B5D67771}.ExportDebug|Any CPU.Build.0 = ExportDebug|Any CPU
		{E49819D7-FEA7-4817-8849-1652B5D67771}.ExportRelease|Any CPU.ActiveCfg = ExportRelease|Any CPU
		{E49819D7-FEA7-4817-8849-1652B5D67771}.ExportRelease|Any CPU.Build.0 = ExportRelease|Any CPU
	EndGlobalSection
EndGlobal
